
Microsoft Visual Studio Solution File, Format Version 12.00
# Visual Studio Version 16
VisualStudioVersion = 16.0.30011.22
MinimumVisualStudioVersion = 10.0.40219.1
Project("{FAE04EC0-301F-11D3-BF4B-00C04F79EFBC}") = "MultiLingualDemo", "MultiLingualDemo\MultiLingualDemo.csproj", "{C482916D-74B5-45AF-812D-D7266C5D86D0}"
EndProject
Global
	GlobalSection(SolutionConfigurationPlatforms) = preSolution
		Debug|Any CPU = Debug|Any CPU
		Release|Any CPU = Release|Any CPU
	EndGlobalSection
	GlobalSection(ProjectConfigurationPlatforms) = postSolution
		{C482916D-74B5-45AF-812D-D7266C5D86D0}.Debug|Any CPU.ActiveCfg = Debug|Any CPU
		{C482916D-74B5-45AF-812D-D7266C5D86D0}.Debug|Any CPU.Build.0 = Debug|Any CPU
		{C482916D-74B5-45AF-812D-D7266C5D86D0}.Release|Any CPU.ActiveCfg = Release|Any CPU
		{C482916D-74B5-45AF-812D-D7266C5D86D0}.Release|Any CPU.Build.0 = Release|Any CPU
	EndGlobalSection
	GlobalSection(SolutionProperties) = preSolution
		HideSolutionNode = FALSE
	EndGlobalSection
	GlobalSection(ExtensibilityGlobals) = postSolution
		SolutionGuid = {5C8F0BFD-280B-4ABC-8108-C5DD9E3384C6}
	EndGlobalSection
EndGlobal
